
Microsoft Visual Studio Solution File, Format Version 12.00
# Visual Studio 14
VisualStudioVersion = 14.0.25420.1
MinimumVisualStudioVersion = 10.0.40219.1
Project("{FAE04EC0-301F-11D3-BF4B-00C04F79EFBC}") = "PriceCompareWinFormApp", "PriceCompareWinFormApp\PriceCompareWinFormApp.csproj", "{B15E4F21-D950-4327-A732-347490F3E13B}"
EndProject
Project("{FAE04EC0-301F-11D3-BF4B-00C04F79EFBC}") = "PriceCompareEntities", "PriceCompareEntities\PriceCompareEntities.csproj", "{3BDC4D7B-FD86-45C7-A2B4-016F6DF70EB7}"
EndProject
Project("{FAE04EC0-301F-11D3-BF4B-00C04F79EFBC}") = "PriceCompareControl", "PriceCompareControl\PriceCompareControl.csproj", "{C9F8746E-A88D-4705-BABD-FC78E08B854E}"
EndProject
Global
	GlobalSection(SolutionConfigurationPlatforms) = preSolution
		Debug|Any CPU = Debug|Any CPU
		Release|Any CPU = Release|Any CPU
	EndGlobalSection
	GlobalSection(ProjectConfigurationPlatforms) = postSolution
		{B15E4F21-D950-4327-A732-347490F3E13B}.Debug|Any CPU.ActiveCfg = Debug|Any CPU
		{B15E4F21-D950-4327-A732-347490F3E13B}.Debug|Any CPU.Build.0 = Debug|Any CPU
		{B15E4F21-D950-4327-A732-347490F3E13B}.Release|Any CPU.ActiveCfg = Release|Any CPU
		{B15E4F21-D950-4327-A732-347490F3E13B}.Release|Any CPU.Build.0 = Release|Any CPU
		{3BDC4D7B-FD86-45C7-A2B4-016F6DF70EB7}.Debug|Any CPU.ActiveCfg = Debug|Any CPU
		{3BDC4D7B-FD86-45C7-A2B4-016F6DF70EB7}.Debug|Any CPU.Build.0 = Debug|Any CPU
		{3BDC4D7B-FD86-45C7-A2B4-016F6DF70EB7}.Release|Any CPU.ActiveCfg = Release|Any CPU
		{3BDC4D7B-FD86-45C7-A2B4-016F6DF70EB7}.Release|Any CPU.Build.0 = Release|Any CPU
		{C9F8746E-A88D-4705-BABD-FC78E08B854E}.Debug|Any CPU.ActiveCfg = Debug|Any CPU
		{C9F8746E-A88D-4705-BABD-FC78E08B854E}.Debug|Any CPU.Build.0 = Debug|Any CPU
		{C9F8746E-A88D-4705-BABD-FC78E08B854E}.Release|Any CPU.ActiveCfg = Release|Any CPU
		{C9F8746E-A88D-4705-BABD-FC78E08B854E}.Release|Any CPU.Build.0 = Release|Any CPU
	EndGlobalSection
	GlobalSection(SolutionProperties) = preSolution
		HideSolutionNode = FALSE
	EndGlobalSection
EndGlobal
